
Microsoft Visual Studio Solution File, Format Version 12.00
# Visual Studio Version 16
VisualStudioVersion = 16.0.29613.14
MinimumVisualStudioVersion = 10.0.40219.1
Project("{FAE04EC0-301F-11D3-BF4B-00C04F79EFBC}") = "OnePlayer.UWP", "OnePlayer\OnePlayer.UWP\OnePlayer.UWP.csproj", "{4225C3F0-7369-4A42-ACFF-156E8996456B}"
EndProject
Project("{FAE04EC0-301F-11D3-BF4B-00C04F79EFBC}") = "OnePlayer.Android", "OnePlayer\OnePlayer.Android\OnePlayer.Android.csproj", "{D3D642BA-3921-4017-A610-03BEC7C89E8C}"
EndProject
Project("{FAE04EC0-301F-11D3-BF4B-00C04F79EFBC}") = "OnePlayer.iOS", "OnePlayer\OnePlayer.iOS\OnePlayer.iOS.csproj", "{1C1096BC-643D-4FDF-827E-A9CF922FF176}"
EndProject
Project("{FAE04EC0-301F-11D3-BF4B-00C04F79EFBC}") = "OnePlayer", "OnePlayer\OnePlayer\OnePlayer.csproj", "{D6CBBC7E-0CC7-4C02-A550-BF92C8A5EDAF}"
EndProject
Global
	GlobalSection(SolutionConfigurationPlatforms) = preSolution
		Debug|Any CPU = Debug|Any CPU
		Debug|ARM = Debug|ARM
		Debug|iPhone = Debug|iPhone
		Debug|iPhoneSimulator = Debug|iPhoneSimulator
		Debug|x64 = Debug|x64
		Debug|x86 = Debug|x86
		Release|Any CPU = Release|Any CPU
		Release|ARM = Release|ARM
		Release|iPhone = Release|iPhone
		Release|iPhoneSimulator = Release|iPhoneSimulator
		Release|x64 = Release|x64
		Release|x86 = Release|x86
	EndGlobalSection
	GlobalSection(ProjectConfigurationPlatforms) = postSolution
		{4225C3F0-7369-4A42-ACFF-156E8996456B}.Debug|Any CPU.ActiveCfg = Debug|x86
		{4225C3F0-7369-4A42-ACFF-156E8996456B}.Debug|Any CPU.Build.0 = Debug|x86
		{4225C3F0-7369-4A42-ACFF-156E8996456B}.Debug|Any CPU.Deploy.0 = Debug|x86
		{4225C3F0-7369-4A42-ACFF-156E8996456B}.Debug|ARM.ActiveCfg = Debug|ARM
		{4225C3F0-7369-4A42-ACFF-156E8996456B}.Debug|ARM.Build.0 = Debug|ARM
		{4225C3F0-7369-4A42-ACFF-156E8996456B}.Debug|ARM.Deploy.0 = Debug|ARM
		{4225C3F0-7369-4A42-ACFF-156E8996456B}.Debug|iPhone.ActiveCfg = Debug|x86
		{4225C3F0-7369-4A42-ACFF-156E8996456B}.Debug|iPhone.Build.0 = Debug|x86
		{4225C3F0-7369-4A42-ACFF-156E8996456B}.Debug|iPhone.Deploy.0 = Debug|x86
		{4225C3F0-7369-4A42-ACFF-156E8996456B}.Debug|iPhoneSimulator.ActiveCfg = Debug|x86
		{4225C3F0-7369-4A42-ACFF-156E8996456B}.Debug|iPhoneSimulator.Build.0 = Debug|x86
		{4225C3F0-7369-4A42-ACFF-156E8996456B}.Debug|iPhoneSimulator.Deploy.0 = Debug|x86
		{4225C3F0-7369-4A42-ACFF-156E8996456B}.Debug|x64.ActiveCfg = Debug|x64
		{4225C3F0-7369-4A42-ACFF-156E8996456B}.Debug|x64.Build.0 = Debug|x64
		{4225C3F0-7369-4A42-ACFF-156E8996456B}.Debug|x64.Deploy.0 = Debug|x64
		{4225C3F0-7369-4A42-ACFF-156E8996456B}.Debug|x86.ActiveCfg = Debug|x86
		{4225C3F0-7369-4A42-ACFF-156E8996456B}.Debug|x86.Build.0 = Debug|x86
		{4225C3F0-7369-4A42-ACFF-156E8996456B}.Debug|x86.Deploy.0 = Debug|x86
		{4225C3F0-7369-4A42-ACFF-156E8996456B}.Release|Any CPU.ActiveCfg = Release|x86
		{4225C3F0-7369-4A42-ACFF-156E8996456B}.Release|Any CPU.Build.0 = Release|x86
		{4225C3F0-7369-4A42-ACFF-156E8996456B}.Release|Any CPU.Deploy.0 = Release|x86
		{4225C3F0-7369-4A42-ACFF-156E8996456B}.Release|ARM.ActiveCfg = Release|ARM
		{4225C3F0-7369-4A42-ACFF-156E8996456B}.Release|ARM.Build.0 = Release|ARM
		{4225C3F0-7369-4A42-ACFF-156E8996456B}.Release|ARM.Deploy.0 = Release|ARM
		{4225C3F0-7369-4A42-ACFF-156E8996456B}.Release|iPhone.ActiveCfg = Release|x86
		{4225C3F0-7369-4A42-ACFF-156E8996456B}.Release|iPhone.Build.0 = Release|x86
		{4225C3F0-7369-4A42-ACFF-156E8996456B}.Release|iPhone.Deploy.0 = Release|x86
		{4225C3F0-7369-4A42-ACFF-156E8996456B}.Release|iPhoneSimulator.ActiveCfg = Release|x86
		{4225C3F0-7369-4A42-ACFF-156E8996456B}.Release|iPhoneSimulator.Build.0 = Release|x86
		{4225C3F0-7369-4A42-ACFF-156E8996456B}.Release|iPhoneSimulator.Deploy.0 = Release|x86
		{4225C3F0-7369-4A42-ACFF-156E8996456B}.Release|x64.ActiveCfg = Release|x64
		{4225C3F0-7369-4A42-ACFF-156E8996456B}.Release|x64.Build.0 = Release|x64
		{4225C3F0-7369-4A42-ACFF-156E8996456B}.Release|x64.Deploy.0 = Release|x64
		{4225C3F0-7369-4A42-ACFF-156E8996456B}.Release|x86.ActiveCfg = Release|x86
		{4225C3F0-7369-4A42-ACFF-156E8996456B}.Release|x86.Build.0 = Release|x86
		{4225C3F0-7369-4A42-ACFF-156E8996456B}.Release|x86.Deploy.0 = Release|x86
		{D3D642BA-3921-4017-A610-03BEC7C89E8C}.Debug|Any CPU.ActiveCfg = Debug|Any CPU
		{D3D642BA-3921-4017-A610-03BEC7C89E8C}.Debug|Any CPU.Build.0 = Debug|Any CPU
		{D3D642BA-3921-4017-A610-03BEC7C89E8C}.Debug|Any CPU.Deploy.0 = Debug|Any CPU
		{D3D642BA-3921-4017-A610-03BEC7C89E8C}.Debug|ARM.ActiveCfg = Debug|Any CPU
		{D3D642BA-3921-4017-A610-03BEC7C89E8C}.Debug|ARM.Build.0 = Debug|Any CPU
		{D3D642BA-3921-4017-A610-03BEC7C89E8C}.Debug|ARM.Deploy.0 = Debug|Any CPU
		{D3D642BA-3921-4017-A610-03BEC7C89E8C}.Debug|iPhone.ActiveCfg = Debug|Any CPU
		{D3D642BA-3921-4017-A610-03BEC7C89E8C}.Debug|iPhone.Build.0 = Debug|Any CPU
		{D3D642BA-3921-4017-A610-03BEC7C89E8C}.Debug|iPhone.Deploy.0 = Debug|Any CPU
		{D3D642BA-3921-4017-A610-03BEC7C89E8C}.Debug|iPhoneSimulator.ActiveCfg = Debug|Any CPU
		{D3D642BA-3921-4017-A610-03BEC7C89E8C}.Debug|iPhoneSimulator.Build.0 = Debug|Any CPU
		{D3D642BA-3921-4017-A610-03BEC7C89E8C}.Debug|iPhoneSimulator.Deploy.0 = Debug|Any CPU
		{D3D642BA-3921-4017-A610-03BEC7C89E8C}.Debug|x64.ActiveCfg = Debug|Any CPU
		{D3D642BA-3921-4017-A610-03BEC7C89E8C}.Debug|x64.Build.0 = Debug|Any CPU
		{D3D642BA-3921-4017-A610-03BEC7C89E8C}.Debug|x64.Deploy.0 = Debug|Any CPU
		{D3D642BA-3921-4017-A610-03BEC7C89E8C}.Debug|x86.ActiveCfg = Debug|Any CPU
		{D3D642BA-3921-4017-A610-03BEC7C89E8C}.Debug|x86.Build.0 = Debug|Any CPU
		{D3D642BA-3921-4017-A610-03BEC7C89E8C}.Debug|x86.Deploy.0 = Debug|Any CPU
		{D3D642BA-3921-4017-A610-03BEC7C89E8C}.Release|Any CPU.ActiveCfg = Release|Any CPU
		{D3D642BA-3921-4017-A610-03BEC7C89E8C}.Release|Any CPU.Build.0 = Release|Any CPU
		{D3D642BA-3921-4017-A610-03BEC7C89E8C}.Release|Any CPU.Deploy.0 = Release|Any CPU
		{D3D642BA-3921-4017-A610-03BEC7C89E8C}.Release|ARM.ActiveCfg = Release|Any CPU
		{D3D642BA-3921-4017-A610-03BEC7C89E8C}.Release|ARM.Build.0 = Release|Any CPU
		{D3D642BA-3921-4017-A610-03BEC7C89E8C}.Release|ARM.Deploy.0 = Release|Any CPU
		{D3D642BA-3921-4017-A610-03BEC7C89E8C}.Release|iPhone.ActiveCfg = Release|Any CPU
		{D3D642BA-3921-4017-A610-03BEC7C89E8C}.Release|iPhone.Build.0 = Release|Any CPU
		{D3D642BA-3921-4017-A610-03BEC7C89E8C}.Release|iPhone.Deploy.0 = Release|Any CPU
		{D3D642BA-3921-4017-A610-03BEC7C89E8C}.Release|iPhoneSimulator.ActiveCfg = Release|Any CPU
		{D3D642BA-3921-4017-A610-03BEC7C89E8C}.Release|iPhoneSimulator.Build.0 = Release|Any CPU
		{D3D642BA-3921-4017-A610-03BEC7C89E8C}.Release|iPhoneSimulator.Deploy.0 = Release|Any CPU
		{D3D642BA-3921-4017-A610-03BEC7C89E8C}.Release|x64.ActiveCfg = Release|Any CPU
		{D3D642BA-3921-4017-A610-03BEC7C89E8C}.Release|x64.Build.0 = Release|Any CPU
		{D3D642BA-3921-4017-A610-03BEC7C89E8C}.Release|x64.Deploy.0 = Release|Any CPU
		{D3D642BA-3921-4017-A610-03BEC7C89E8C}.Release|x86.ActiveCfg = Release|Any CPU
		{D3D642BA-3921-4017-A610-03BEC7C89E8C}.Release|x86.Build.0 = Release|Any CPU
		{D3D642BA-3921-4017-A610-03BEC7C89E8C}.Release|x86.Deploy.0 = Release|Any CPU
		{1C1096BC-643D-4FDF-827E-A9CF922FF176}.Debug|Any CPU.ActiveCfg = Debug|iPhone
		{1C1096BC-643D-4FDF-827E-A9CF922FF176}.Debug|Any CPU.Build.0 = Debug|iPhone
		{1C1096BC-643D-4FDF-827E-A9CF922FF176}.Debug|Any CPU.Deploy.0 = Debug|iPhone
		{1C1096BC-643D-4FDF-827E-A9CF922FF176}.Debug|ARM.ActiveCfg = Debug|iPhoneSimulator
		{1C1096BC-643D-4FDF-827E-A9CF922FF176}.Debug|ARM.Build.0 = Debug|iPhoneSimulator
		{1C1096BC-643D-4FDF-827E-A9CF922FF176}.Debug|ARM.Deploy.0 = Debug|iPhoneSimulator
		{1C1096BC-643D-4FDF-827E-A9CF922FF176}.Debug|iPhone.ActiveCfg = Debug|iPhone
		{1C1096BC-643D-4FDF-827E-A9CF922FF176}.Debug|iPhone.Build.0 = Debug|iPhone
		{1C1096BC-643D-4FDF-827E-A9CF922FF176}.Debug|iPhone.Deploy.0 = Debug|iPhone
		{1C1096BC-643D-4FDF-827E-A9CF922FF176}.Debug|iPhoneSimulator.ActiveCfg = Debug|iPhoneSimulator
		{1C1096BC-643D-4FDF-827E-A9CF922FF176}.Debug|iPhoneSimulator.Build.0 = Debug|iPhoneSimulator
		{1C1096BC-643D-4FDF-827E-A9CF922FF176}.Debug|iPhoneSimulator.Deploy.0 = Debug|iPhoneSimulator
		{1C1096BC-643D-4FDF-827E-A9CF922FF176}.Debug|x64.ActiveCfg = Debug|iPhone
		{1C1096BC-643D-4FDF-827E-A9CF922FF176}.Debug|x64.Build.0 = Debug|iPhone
		{1C1096BC-643D-4FDF-827E-A9CF922FF176}.Debug|x64.Deploy.0 = Debug|iPhone
		{1C1096BC-643D-4FDF-827E-A9CF922FF176}.Debug|x86.ActiveCfg = Debug|iPhone
		{1C1096BC-643D-4FDF-827E-A9CF922FF176}.Debug|x86.Build.0 = Debug|iPhone
		{1C1096BC-643D-4FDF-827E-A9CF922FF176}.Debug|x86.Deploy.0 = Debug|iPhone
		{1C1096BC-643D-4FDF-827E-A9CF922FF176}.Release|Any CPU.ActiveCfg = Release|iPhone
		{1C1096BC-643D-4FDF-827E-A9CF922FF176}.Release|Any CPU.Build.0 = Release|iPhone
		{1C1096BC-643D-4FDF-827E-A9CF922FF176}.Release|Any CPU.Deploy.0 = Release|iPhone
		{1C1096BC-643D-4FDF-827E-A9CF922FF176}.Release|ARM.ActiveCfg = Release|iPhone
		{1C1096BC-643D-4FDF-827E-A9CF922FF176}.Release|ARM.Build.0 = Release|iPhone
		{1C1096BC-643D-4FDF-827E-A9CF922FF176}.Release|ARM.Deploy.0 = Release|iPhone
		{1C1096BC-643D-4FDF-827E-A9CF922FF176}.Release|iPhone.ActiveCfg = Release|iPhone
		{1C1096BC-643D-4FDF-827E-A9CF922FF176}.Release|iPhone.Build.0 = Release|iPhone
		{1C1096BC-643D-4FDF-827E-A9CF922FF176}.Release|iPhone.Deploy.0 = Release|iPhone
		{1C1096BC-643D-4FDF-827E-A9CF922FF176}.Release|iPhoneSimulator.ActiveCfg = Release|iPhoneSimulator
		{1C1096BC-643D-4FDF-827E-A9CF922FF176}.Release|iPhoneSimulator.Build.0 = Release|iPhoneSimulator
		{1C1096BC-643D-4FDF-827E-A9CF922FF176}.Release|iPhoneSimulator.Deploy.0 = Release|iPhoneSimulator
		{1C1096BC-643D-4FDF-827E-A9CF922FF176}.Release|x64.ActiveCfg = Release|iPhone
		{1C1096BC-643D-4FDF-827E-A9CF922FF176}.Release|x64.Build.0 = Release|iPhone
		{1C1096BC-643D-4FDF-827E-A9CF922FF176}.Release|x64.Deploy.0 = Release|iPhone
		{1C1096BC-643D-4FDF-827E-A9CF922FF176}.Release|x86.ActiveCfg = Release|iPhone
		{1C1096BC-643D-4FDF-827E-A9CF922FF176}.Release|x86.Build.0 = Release|iPhone
		{1C1096BC-643D-4FDF-827E-A9CF922FF176}.Release|x86.Deploy.0 = Release|iPhone
		{D6CBBC7E-0CC7-4C02-A550-BF92C8A5EDAF}.Debug|Any CPU.ActiveCfg = Debug|Any CPU
		{D6CBBC7E-0CC7-4C02-A550-BF92C8A5EDAF}.Debug|Any CPU.Build.0 = Debug|Any CPU
		{D6CBBC7E-0CC7-4C02-A550-BF92C8A5EDAF}.Debug|Any CPU.Deploy.0 = Debug|Any CPU
		{D6CBBC7E-0CC7-4C02-A550-BF92C8A5EDAF}.Debug|ARM.ActiveCfg = Debug|Any CPU
		{D6CBBC7E-0CC7-4C02-A550-BF92C8A5EDAF}.Debug|ARM.Build.0 = Debug|Any CPU
		{D6CBBC7E-0CC7-4C02-A550-BF92C8A5EDAF}.Debug|ARM.Deploy.0 = Debug|Any CPU
		{D6CBBC7E-0CC7-4C02-A550-BF92C8A5EDAF}.Debug|iPhone.ActiveCfg = Debug|Any CPU
		{D6CBBC7E-0CC7-4C02-A550-BF92C8A5EDAF}.Debug|iPhone.Build.0 = Debug|Any CPU
		{D6CBBC7E-0CC7-4C02-A550-BF92C8A5EDAF}.Debug|iPhone.Deploy.0 = Debug|Any CPU
		{D6CBBC7E-0CC7-4C02-A550-BF92C8A5EDAF}.Debug|iPhoneSimulator.ActiveCfg = Debug|Any CPU
		{D6CBBC7E-0CC7-4C02-A550-BF92C8A5EDAF}.Debug|iPhoneSimulator.Build.0 = Debug|Any CPU
		{D6CBBC7E-0CC7-4C02-A550-BF92C8A5EDAF}.Debug|iPhoneSimulator.Deploy.0 = Debug|Any CPU
		{D6CBBC7E-0CC7-4C02-A550-BF92C8A5EDAF}.Debug|x64.ActiveCfg = Debug|Any CPU
		{D6CBBC7E-0CC7-4C02-A550-BF92C8A5EDAF}.Debug|x64.Build.0 = Debug|Any CPU
		{D6CBBC7E-0CC7-4C02-A550-BF92C8A5EDAF}.Debug|x64.Deploy.0 = Debug|Any CPU
		{D6CBBC7E-0CC7-4C02-A550-BF92C8A5EDAF}.Debug|x86.ActiveCfg = Debug|Any CPU
		{D6CBBC7E-0CC7-4C02-A550-BF92C8A5EDAF}.Debug|x86.Build.0 = Debug|Any CPU
		{D6CBBC7E-0CC7-4C02-A550-BF92C8A5EDAF}.Debug|x86.Deploy.0 = Debug|Any CPU
		{D6CBBC7E-0CC7-4C02-A550-BF92C8A5EDAF}.Release|Any CPU.ActiveCfg = Release|Any CPU
		{D6CBBC7E-0CC7-4C02-A550-BF92C8A5EDAF}.Release|Any CPU.Build.0 = Release|Any CPU
		{D6CBBC7E-0CC7-4C02-A550-BF92C8A5EDAF}.Release|Any CPU.Deploy.0 = Release|Any CPU
		{D6CBBC7E-0CC7-4C02-A550-BF92C8A5EDAF}.Release|ARM.ActiveCfg = Release|Any CPU
		{D6CBBC7E-0CC7-4C02-A550-BF92C8A5EDAF}.Release|ARM.Build.0 = Release|Any CPU
		{D6CBBC7E-0CC7-4C02-A550-BF92C8A5EDAF}.Release|ARM.Deploy.0 = Release|Any CPU
		{D6CBBC7E-0CC7-4C02-A550-BF92C8A5EDAF}.Release|iPhone.ActiveCfg = Release|Any CPU
		{D6CBBC7E-0CC7-4C02-A550-BF92C8A5EDAF}.Release|iPhone.Build.0 = Release|Any CPU
		{D6CBBC7E-0CC7-4C02-A550-BF92C8A5EDAF}.Release|iPhone.Deploy.0 = Release|Any CPU
		{D6CBBC7E-0CC7-4C02-A550-BF92C8A5EDAF}.Release|iPhoneSimulator.ActiveCfg = Release|Any CPU
		{D6CBBC7E-0CC7-4C02-A550-BF92C8A5EDAF}.Release|iPhoneSimulator.Build.0 = Release|Any CPU
		{D6CBBC7E-0CC7-4C02-A550-BF92C8A5EDAF}.Release|iPhoneSimulator.Deploy.0 = Release|Any CPU
		{D6CBBC7E-0CC7-4C02-A550-BF92C8A5EDAF}.Release|x64.ActiveCfg = Release|Any CPU
		{D6CBBC7E-0CC7-4C02-A550-BF92C8A5EDAF}.Release|x64.Build.0 = Release|Any CPU
		{D6CBBC7E-0CC7-4C02-A550-BF92C8A5EDAF}.Release|x64.Deploy.0 = Release|Any CPU
		{D6CBBC7E-0CC7-4C02-A550-BF92C8A5EDAF}.Release|x86.ActiveCfg = Release|Any CPU
		{D6CBBC7E-0CC7-4C02-A550-BF92C8A5EDAF}.Release|x86.Build.0 = Release|Any CPU
		{D6CBBC7E-0CC7-4C02-A550-BF92C8A5EDAF}.Release|x86.Deploy.0 = Release|Any CPU
	EndGlobalSection
	GlobalSection(SolutionProperties) = preSolution
		HideSolutionNode = FALSE
	EndGlobalSection
	GlobalSection(ExtensibilityGlobals) = postSolution
		SolutionGuid = {04543E2F-CF5E-4628-8B53-8024DC07ECA6}
	EndGlobalSection
EndGlobal
