
Microsoft Visual Studio Solution File, Format Version 12.00
# Visual Studio Version 16
VisualStudioVersion = 16.0.29613.14
MinimumVisualStudioVersion = 10.0.40219.1
Project("{FAE04EC0-301F-11D3-BF4B-00C04F79EFBC}") = "OnePlayer.Droid", "OnePlayer.Droid\OnePlayer.Droid.csproj", "{4A5F1B3D-FD75-4937-A641-F93361F91BB2}"
EndProject
Global
	GlobalSection(SolutionConfigurationPlatforms) = preSolution
		Debug|Any CPU = Debug|Any CPU
		Release|Any CPU = Release|Any CPU
	EndGlobalSection
	GlobalSection(ProjectConfigurationPlatforms) = postSolution
		{4A5F1B3D-FD75-4937-A641-F93361F91BB2}.Debug|Any CPU.ActiveCfg = Debug|Any CPU
		{4A5F1B3D-FD75-4937-A641-F93361F91BB2}.Debug|Any CPU.Build.0 = Debug|Any CPU
		{4A5F1B3D-FD75-4937-A641-F93361F91BB2}.Debug|Any CPU.Deploy.0 = Debug|Any CPU
		{4A5F1B3D-FD75-4937-A641-F93361F91BB2}.Release|Any CPU.ActiveCfg = Release|Any CPU
		{4A5F1B3D-FD75-4937-A641-F93361F91BB2}.Release|Any CPU.Build.0 = Release|Any CPU
		{4A5F1B3D-FD75-4937-A641-F93361F91BB2}.Release|Any CPU.Deploy.0 = Release|Any CPU
	EndGlobalSection
	GlobalSection(SolutionProperties) = preSolution
		HideSolutionNode = FALSE
	EndGlobalSection
	GlobalSection(ExtensibilityGlobals) = postSolution
		SolutionGuid = {04543E2F-CF5E-4628-8B53-8024DC07ECA6}
	EndGlobalSection
EndGlobal
